
Microsoft Visual Studio Solution File, Format Version 12.00
# Visual Studio Version 17
VisualStudioVersion = 17.4.33205.214
MinimumVisualStudioVersion = 10.0.40219.1
Project("{FAE04EC0-301F-11D3-BF4B-00C04F79EFBC}") = "CarProject", "CarProject\CarProject.csproj", "{122525AE-8307-437F-A3A8-A04CA598A30F}"
EndProject
Global
	GlobalSection(SolutionConfigurationPlatforms) = preSolution
		Debug|Any CPU = Debug|Any CPU
		Release|Any CPU = Release|Any CPU
	EndGlobalSection
	GlobalSection(ProjectConfigurationPlatforms) = postSolution
		{122525AE-8307-437F-A3A8-A04CA598A30F}.Debug|Any CPU.ActiveCfg = Debug|Any CPU
		{122525AE-8307-437F-A3A8-A04CA598A30F}.Debug|Any CPU.Build.0 = Debug|Any CPU
		{122525AE-8307-437F-A3A8-A04CA598A30F}.Release|Any CPU.ActiveCfg = Release|Any CPU
		{122525AE-8307-437F-A3A8-A04CA598A30F}.Release|Any CPU.Build.0 = Release|Any CPU
	EndGlobalSection
	GlobalSection(SolutionProperties) = preSolution
		HideSolutionNode = FALSE
	EndGlobalSection
	GlobalSection(ExtensibilityGlobals) = postSolution
		SolutionGuid = {658D7B13-6118-4242-99CB-5541177BB9CE}
	EndGlobalSection
EndGlobal
